
Microsoft Visual Studio Solution File, Format Version 12.00
# Visual Studio 15
VisualStudioVersion = 15.0.28010.2036
MinimumVisualStudioVersion = 10.0.40219.1
Project("{9A19103F-16F7-4668-BE54-9A1E7A4F7556}") = "IOST", "IOST\IOST.csproj", "{AF18FF00-DCA9-4D28-89DF-96C57024A0BF}"
EndProject
Project("{9A19103F-16F7-4668-BE54-9A1E7A4F7556}") = "IOST.Test", "IOST.Test\IOST.Test.csproj", "{16FE166A-0E80-4B6C-B17E-5E12F7C9D699}"
EndProject
Project("{9A19103F-16F7-4668-BE54-9A1E7A4F7556}") = "IOST.DevTools", "IOST.DevTools\IOST.DevTools.csproj", "{9B579CAA-063D-4F11-A6A9-3BBF47B35407}"
EndProject
Project("{9A19103F-16F7-4668-BE54-9A1E7A4F7556}") = "IOST.Examples", "IOST.Examples\IOST.Examples.csproj", "{93504C7C-7BE3-46E5-A61A-E5BDA5484486}"
EndProject
Project("{FAE04EC0-301F-11D3-BF4B-00C04F79EFBC}") = "IOST.Net45", "IOST.Net45\IOST.Net45.csproj", "{BBBC6E2A-98F9-4A9E-8061-94301E2DEDC6}"
EndProject
Project("{FAE04EC0-301F-11D3-BF4B-00C04F79EFBC}") = "IOST.Test.Net45", "IOST.Test.Net45\IOST.Test.Net45.csproj", "{985ED5F7-CE06-4472-805E-56E7A4632415}"
EndProject
Global
	GlobalSection(SolutionConfigurationPlatforms) = preSolution
		Ad-Hoc|Any CPU = Ad-Hoc|Any CPU
		Ad-Hoc|ARM = Ad-Hoc|ARM
		Ad-Hoc|iPhone = Ad-Hoc|iPhone
		Ad-Hoc|iPhoneSimulator = Ad-Hoc|iPhoneSimulator
		Ad-Hoc|x64 = Ad-Hoc|x64
		Ad-Hoc|x86 = Ad-Hoc|x86
		AppStore|Any CPU = AppStore|Any CPU
		AppStore|ARM = AppStore|ARM
		AppStore|iPhone = AppStore|iPhone
		AppStore|iPhoneSimulator = AppStore|iPhoneSimulator
		AppStore|x64 = AppStore|x64
		AppStore|x86 = AppStore|x86
		Debug|Any CPU = Debug|Any CPU
		Debug|ARM = Debug|ARM
		Debug|iPhone = Debug|iPhone
		Debug|iPhoneSimulator = Debug|iPhoneSimulator
		Debug|x64 = Debug|x64
		Debug|x86 = Debug|x86
		Release|Any CPU = Release|Any CPU
		Release|ARM = Release|ARM
		Release|iPhone = Release|iPhone
		Release|iPhoneSimulator = Release|iPhoneSimulator
		Release|x64 = Release|x64
		Release|x86 = Release|x86
	EndGlobalSection
	GlobalSection(ProjectConfigurationPlatforms) = postSolution
		{AF18FF00-DCA9-4D28-89DF-96C57024A0BF}.Ad-Hoc|Any CPU.ActiveCfg = Release|Any CPU
		{AF18FF00-DCA9-4D28-89DF-96C57024A0BF}.Ad-Hoc|Any CPU.Build.0 = Release|Any CPU
		{AF18FF00-DCA9-4D28-89DF-96C57024A0BF}.Ad-Hoc|ARM.ActiveCfg = Release|Any CPU
		{AF18FF00-DCA9-4D28-89DF-96C57024A0BF}.Ad-Hoc|ARM.Build.0 = Release|Any CPU
		{AF18FF00-DCA9-4D28-89DF-96C57024A0BF}.Ad-Hoc|iPhone.ActiveCfg = Release|Any CPU
		{AF18FF00-DCA9-4D28-89DF-96C57024A0BF}.Ad-Hoc|iPhone.Build.0 = Release|Any CPU
		{AF18FF00-DCA9-4D28-89DF-96C57024A0BF}.Ad-Hoc|iPhoneSimulator.ActiveCfg = Release|Any CPU
		{AF18FF00-DCA9-4D28-89DF-96C57024A0BF}.Ad-Hoc|iPhoneSimulator.Build.0 = Release|Any CPU
		{AF18FF00-DCA9-4D28-89DF-96C57024A0BF}.Ad-Hoc|x64.ActiveCfg = Release|x64
		{AF18FF00-DCA9-4D28-89DF-96C57024A0BF}.Ad-Hoc|x64.Build.0 = Release|x64
		{AF18FF00-DCA9-4D28-89DF-96C57024A0BF}.Ad-Hoc|x86.ActiveCfg = Release|x86
		{AF18FF00-DCA9-4D28-89DF-96C57024A0BF}.Ad-Hoc|x86.Build.0 = Release|x86
		{AF18FF00-DCA9-4D28-89DF-96C57024A0BF}.AppStore|Any CPU.ActiveCfg = Release|Any CPU
		{AF18FF00-DCA9-4D28-89DF-96C57024A0BF}.AppStore|Any CPU.Build.0 = Release|Any CPU
		{AF18FF00-DCA9-4D28-89DF-96C57024A0BF}.AppStore|ARM.ActiveCfg = Release|Any CPU
		{AF18FF00-DCA9-4D28-89DF-96C57024A0BF}.AppStore|ARM.Build.0 = Release|Any CPU
		{AF18FF00-DCA9-4D28-89DF-96C57024A0BF}.AppStore|iPhone.ActiveCfg = Release|Any CPU
		{AF18FF00-DCA9-4D28-89DF-96C57024A0BF}.AppStore|iPhone.Build.0 = Release|Any CPU
		{AF18FF00-DCA9-4D28-89DF-96C57024A0BF}.AppStore|iPhoneSimulator.ActiveCfg = Release|Any CPU
		{AF18FF00-DCA9-4D28-89DF-96C57024A0BF}.AppStore|iPhoneSimulator.Build.0 = Release|Any CPU
		{AF18FF00-DCA9-4D28-89DF-96C57024A0BF}.AppStore|x64.ActiveCfg = Release|x64
		{AF18FF00-DCA9-4D28-89DF-96C57024A0BF}.AppStore|x64.Build.0 = Release|x64
		{AF18FF00-DCA9-4D28-89DF-96C57024A0BF}.AppStore|x86.ActiveCfg = Release|x86
		{AF18FF00-DCA9-4D28-89DF-96C57024A0BF}.AppStore|x86.Build.0 = Release|x86
		{AF18FF00-DCA9-4D28-89DF-96C57024A0BF}.Debug|Any CPU.ActiveCfg = Debug|Any CPU
		{AF18FF00-DCA9-4D28-89DF-96C57024A0BF}.Debug|Any CPU.Build.0 = Debug|Any CPU
		{AF18FF00-DCA9-4D28-89DF-96C57024A0BF}.Debug|ARM.ActiveCfg = Debug|Any CPU
		{AF18FF00-DCA9-4D28-89DF-96C57024A0BF}.Debug|ARM.Build.0 = Debug|Any CPU
		{AF18FF00-DCA9-4D28-89DF-96C57024A0BF}.Debug|iPhone.ActiveCfg = Debug|Any CPU
		{AF18FF00-DCA9-4D28-89DF-96C57024A0BF}.Debug|iPhone.Build.0 = Debug|Any CPU
		{AF18FF00-DCA9-4D28-89DF-96C57024A0BF}.Debug|iPhoneSimulator.ActiveCfg = Debug|Any CPU
		{AF18FF00-DCA9-4D28-89DF-96C57024A0BF}.Debug|iPhoneSimulator.Build.0 = Debug|Any CPU
		{AF18FF00-DCA9-4D28-89DF-96C57024A0BF}.Debug|x64.ActiveCfg = Debug|Any CPU
		{AF18FF00-DCA9-4D28-89DF-96C57024A0BF}.Debug|x64.Build.0 = Debug|Any CPU
		{AF18FF00-DCA9-4D28-89DF-96C57024A0BF}.Debug|x86.ActiveCfg = Debug|x86
		{AF18FF00-DCA9-4D28-89DF-96C57024A0BF}.Debug|x86.Build.0 = Debug|x86
		{AF18FF00-DCA9-4D28-89DF-96C57024A0BF}.Release|Any CPU.ActiveCfg = Release|Any CPU
		{AF18FF00-DCA9-4D28-89DF-96C57024A0BF}.Release|Any CPU.Build.0 = Release|Any CPU
		{AF18FF00-DCA9-4D28-89DF-96C57024A0BF}.Release|ARM.ActiveCfg = Release|Any CPU
		{AF18FF00-DCA9-4D28-89DF-96C57024A0BF}.Release|ARM.Build.0 = Release|Any CPU
		{AF18FF00-DCA9-4D28-89DF-96C57024A0BF}.Release|iPhone.ActiveCfg = Release|Any CPU
		{AF18FF00-DCA9-4D28-89DF-96C57024A0BF}.Release|iPhone.Build.0 = Release|Any CPU
		{AF18FF00-DCA9-4D28-89DF-96C57024A0BF}.Release|iPhoneSimulator.ActiveCfg = Release|Any CPU
		{AF18FF00-DCA9-4D28-89DF-96C57024A0BF}.Release|iPhoneSimulator.Build.0 = Release|Any CPU
		{AF18FF00-DCA9-4D28-89DF-96C57024A0BF}.Release|x64.ActiveCfg = Release|Any CPU
		{AF18FF00-DCA9-4D28-89DF-96C57024A0BF}.Release|x64.Build.0 = Release|Any CPU
		{AF18FF00-DCA9-4D28-89DF-96C57024A0BF}.Release|x86.ActiveCfg = Release|Any CPU
		{AF18FF00-DCA9-4D28-89DF-96C57024A0BF}.Release|x86.Build.0 = Release|Any CPU
		{16FE166A-0E80-4B6C-B17E-5E12F7C9D699}.Ad-Hoc|Any CPU.ActiveCfg = Release|Any CPU
		{16FE166A-0E80-4B6C-B17E-5E12F7C9D699}.Ad-Hoc|Any CPU.Build.0 = Release|Any CPU
		{16FE166A-0E80-4B6C-B17E-5E12F7C9D699}.Ad-Hoc|ARM.ActiveCfg = Release|Any CPU
		{16FE166A-0E80-4B6C-B17E-5E12F7C9D699}.Ad-Hoc|ARM.Build.0 = Release|Any CPU
		{16FE166A-0E80-4B6C-B17E-5E12F7C9D699}.Ad-Hoc|iPhone.ActiveCfg = Release|Any CPU
		{16FE166A-0E80-4B6C-B17E-5E12F7C9D699}.Ad-Hoc|iPhone.Build.0 = Release|Any CPU
		{16FE166A-0E80-4B6C-B17E-5E12F7C9D699}.Ad-Hoc|iPhoneSimulator.ActiveCfg = Release|Any CPU
		{16FE166A-0E80-4B6C-B17E-5E12F7C9D699}.Ad-Hoc|iPhoneSimulator.Build.0 = Release|Any CPU
		{16FE166A-0E80-4B6C-B17E-5E12F7C9D699}.Ad-Hoc|x64.ActiveCfg = Release|x64
		{16FE166A-0E80-4B6C-B17E-5E12F7C9D699}.Ad-Hoc|x64.Build.0 = Release|x64
		{16FE166A-0E80-4B6C-B17E-5E12F7C9D699}.Ad-Hoc|x86.ActiveCfg = Release|x86
		{16FE166A-0E80-4B6C-B17E-5E12F7C9D699}.Ad-Hoc|x86.Build.0 = Release|x86
		{16FE166A-0E80-4B6C-B17E-5E12F7C9D699}.AppStore|Any CPU.ActiveCfg = Release|Any CPU
		{16FE166A-0E80-4B6C-B17E-5E12F7C9D699}.AppStore|Any CPU.Build.0 = Release|Any CPU
		{16FE166A-0E80-4B6C-B17E-5E12F7C9D699}.AppStore|ARM.ActiveCfg = Release|Any CPU
		{16FE166A-0E80-4B6C-B17E-5E12F7C9D699}.AppStore|ARM.Build.0 = Release|Any CPU
		{16FE166A-0E80-4B6C-B17E-5E12F7C9D699}.AppStore|iPhone.ActiveCfg = Release|Any CPU
		{16FE166A-0E80-4B6C-B17E-5E12F7C9D699}.AppStore|iPhone.Build.0 = Release|Any CPU
		{16FE166A-0E80-4B6C-B17E-5E12F7C9D699}.AppStore|iPhoneSimulator.ActiveCfg = Release|Any CPU
		{16FE166A-0E80-4B6C-B17E-5E12F7C9D699}.AppStore|iPhoneSimulator.Build.0 = Release|Any CPU
		{16FE166A-0E80-4B6C-B17E-5E12F7C9D699}.AppStore|x64.ActiveCfg = Release|x64
		{16FE166A-0E80-4B6C-B17E-5E12F7C9D699}.AppStore|x64.Build.0 = Release|x64
		{16FE166A-0E80-4B6C-B17E-5E12F7C9D699}.AppStore|x86.ActiveCfg = Release|x86
		{16FE166A-0E80-4B6C-B17E-5E12F7C9D699}.AppStore|x86.Build.0 = Release|x86
		{16FE166A-0E80-4B6C-B17E-5E12F7C9D699}.Debug|Any CPU.ActiveCfg = Debug|Any CPU
		{16FE166A-0E80-4B6C-B17E-5E12F7C9D699}.Debug|Any CPU.Build.0 = Debug|Any CPU
		{16FE166A-0E80-4B6C-B17E-5E12F7C9D699}.Debug|ARM.ActiveCfg = Debug|Any CPU
		{16FE166A-0E80-4B6C-B17E-5E12F7C9D699}.Debug|ARM.Build.0 = Debug|Any CPU
		{16FE166A-0E80-4B6C-B17E-5E12F7C9D699}.Debug|iPhone.ActiveCfg = Debug|Any CPU
		{16FE166A-0E80-4B6C-B17E-5E12F7C9D699}.Debug|iPhone.Build.0 = Debug|Any CPU
		{16FE166A-0E80-4B6C-B17E-5E12F7C9D699}.Debug|iPhoneSimulator.ActiveCfg = Debug|Any CPU
		{16FE166A-0E80-4B6C-B17E-5E12F7C9D699}.Debug|iPhoneSimulator.Build.0 = Debug|Any CPU
		{16FE166A-0E80-4B6C-B17E-5E12F7C9D699}.Debug|x64.ActiveCfg = Debug|Any CPU
		{16FE166A-0E80-4B6C-B17E-5E12F7C9D699}.Debug|x64.Build.0 = Debug|Any CPU
		{16FE166A-0E80-4B6C-B17E-5E12F7C9D699}.Debug|x86.ActiveCfg = Debug|Any CPU
		{16FE166A-0E80-4B6C-B17E-5E12F7C9D699}.Debug|x86.Build.0 = Debug|Any CPU
		{16FE166A-0E80-4B6C-B17E-5E12F7C9D699}.Release|Any CPU.ActiveCfg = Release|Any CPU
		{16FE166A-0E80-4B6C-B17E-5E12F7C9D699}.Release|Any CPU.Build.0 = Release|Any CPU
		{16FE166A-0E80-4B6C-B17E-5E12F7C9D699}.Release|ARM.ActiveCfg = Release|Any CPU
		{16FE166A-0E80-4B6C-B17E-5E12F7C9D699}.Release|ARM.Build.0 = Release|Any CPU
		{16FE166A-0E80-4B6C-B17E-5E12F7C9D699}.Release|iPhone.ActiveCfg = Release|Any CPU
		{16FE166A-0E80-4B6C-B17E-5E12F7C9D699}.Release|iPhone.Build.0 = Release|Any CPU
		{16FE166A-0E80-4B6C-B17E-5E12F7C9D699}.Release|iPhoneSimulator.ActiveCfg = Release|Any CPU
		{16FE166A-0E80-4B6C-B17E-5E12F7C9D699}.Release|iPhoneSimulator.Build.0 = Release|Any CPU
		{16FE166A-0E80-4B6C-B17E-5E12F7C9D699}.Release|x64.ActiveCfg = Release|Any CPU
		{16FE166A-0E80-4B6C-B17E-5E12F7C9D699}.Release|x64.Build.0 = Release|Any CPU
		{16FE166A-0E80-4B6C-B17E-5E12F7C9D699}.Release|x86.ActiveCfg = Release|Any CPU
		{16FE166A-0E80-4B6C-B17E-5E12F7C9D699}.Release|x86.Build.0 = Release|Any CPU
		{9B579CAA-063D-4F11-A6A9-3BBF47B35407}.Ad-Hoc|Any CPU.ActiveCfg = Release|Any CPU
		{9B579CAA-063D-4F11-A6A9-3BBF47B35407}.Ad-Hoc|Any CPU.Build.0 = Release|Any CPU
		{9B579CAA-063D-4F11-A6A9-3BBF47B35407}.Ad-Hoc|ARM.ActiveCfg = Release|Any CPU
		{9B579CAA-063D-4F11-A6A9-3BBF47B35407}.Ad-Hoc|ARM.Build.0 = Release|Any CPU
		{9B579CAA-063D-4F11-A6A9-3BBF47B35407}.Ad-Hoc|iPhone.ActiveCfg = Release|Any CPU
		{9B579CAA-063D-4F11-A6A9-3BBF47B35407}.Ad-Hoc|iPhone.Build.0 = Release|Any CPU
		{9B579CAA-063D-4F11-A6A9-3BBF47B35407}.Ad-Hoc|iPhoneSimulator.ActiveCfg = Release|Any CPU
		{9B579CAA-063D-4F11-A6A9-3BBF47B35407}.Ad-Hoc|iPhoneSimulator.Build.0 = Release|Any CPU
		{9B579CAA-063D-4F11-A6A9-3BBF47B35407}.Ad-Hoc|x64.ActiveCfg = Release|Any CPU
		{9B579CAA-063D-4F11-A6A9-3BBF47B35407}.Ad-Hoc|x64.Build.0 = Release|Any CPU
		{9B579CAA-063D-4F11-A6A9-3BBF47B35407}.Ad-Hoc|x86.ActiveCfg = Release|Any CPU
		{9B579CAA-063D-4F11-A6A9-3BBF47B35407}.Ad-Hoc|x86.Build.0 = Release|Any CPU
		{9B579CAA-063D-4F11-A6A9-3BBF47B35407}.AppStore|Any CPU.ActiveCfg = Release|Any CPU
		{9B579CAA-063D-4F11-A6A9-3BBF47B35407}.AppStore|Any CPU.Build.0 = Release|Any CPU
		{9B579CAA-063D-4F11-A6A9-3BBF47B35407}.AppStore|ARM.ActiveCfg = Release|Any CPU
		{9B579CAA-063D-4F11-A6A9-3BBF47B35407}.AppStore|ARM.Build.0 = Release|Any CPU
		{9B579CAA-063D-4F11-A6A9-3BBF47B35407}.AppStore|iPhone.ActiveCfg = Release|Any CPU
		{9B579CAA-063D-4F11-A6A9-3BBF47B35407}.AppStore|iPhone.Build.0 = Release|Any CPU
		{9B579CAA-063D-4F11-A6A9-3BBF47B35407}.AppStore|iPhoneSimulator.ActiveCfg = Release|Any CPU
		{9B579CAA-063D-4F11-A6A9-3BBF47B35407}.AppStore|iPhoneSimulator.Build.0 = Release|Any CPU
		{9B579CAA-063D-4F11-A6A9-3BBF47B35407}.AppStore|x64.ActiveCfg = Release|Any CPU
		{9B579CAA-063D-4F11-A6A9-3BBF47B35407}.AppStore|x64.Build.0 = Release|Any CPU
		{9B579CAA-063D-4F11-A6A9-3BBF47B35407}.AppStore|x86.ActiveCfg = Release|Any CPU
		{9B579CAA-063D-4F11-A6A9-3BBF47B35407}.AppStore|x86.Build.0 = Release|Any CPU
		{9B579CAA-063D-4F11-A6A9-3BBF47B35407}.Debug|Any CPU.ActiveCfg = Debug|Any CPU
		{9B579CAA-063D-4F11-A6A9-3BBF47B35407}.Debug|Any CPU.Build.0 = Debug|Any CPU
		{9B579CAA-063D-4F11-A6A9-3BBF47B35407}.Debug|ARM.ActiveCfg = Debug|Any CPU
		{9B579CAA-063D-4F11-A6A9-3BBF47B35407}.Debug|ARM.Build.0 = Debug|Any CPU
		{9B579CAA-063D-4F11-A6A9-3BBF47B35407}.Debug|iPhone.ActiveCfg = Debug|Any CPU
		{9B579CAA-063D-4F11-A6A9-3BBF47B35407}.Debug|iPhone.Build.0 = Debug|Any CPU
		{9B579CAA-063D-4F11-A6A9-3BBF47B35407}.Debug|iPhoneSimulator.ActiveCfg = Debug|Any CPU
		{9B579CAA-063D-4F11-A6A9-3BBF47B35407}.Debug|iPhoneSimulator.Build.0 = Debug|Any CPU
		{9B579CAA-063D-4F11-A6A9-3BBF47B35407}.Debug|x64.ActiveCfg = Debug|Any CPU
		{9B579CAA-063D-4F11-A6A9-3BBF47B35407}.Debug|x64.Build.0 = Debug|Any CPU
		{9B579CAA-063D-4F11-A6A9-3BBF47B35407}.Debug|x86.ActiveCfg = Debug|Any CPU
		{9B579CAA-063D-4F11-A6A9-3BBF47B35407}.Debug|x86.Build.0 = Debug|Any CPU
		{9B579CAA-063D-4F11-A6A9-3BBF47B35407}.Release|Any CPU.ActiveCfg = Release|Any CPU
		{9B579CAA-063D-4F11-A6A9-3BBF47B35407}.Release|Any CPU.Build.0 = Release|Any CPU
		{9B579CAA-063D-4F11-A6A9-3BBF47B35407}.Release|ARM.ActiveCfg = Release|Any CPU
		{9B579CAA-063D-4F11-A6A9-3BBF47B35407}.Release|ARM.Build.0 = Release|Any CPU
		{9B579CAA-063D-4F11-A6A9-3BBF47B35407}.Release|iPhone.ActiveCfg = Release|Any CPU
		{9B579CAA-063D-4F11-A6A9-3BBF47B35407}.Release|iPhone.Build.0 = Release|Any CPU
		{9B579CAA-063D-4F11-A6A9-3BBF47B35407}.Release|iPhoneSimulator.ActiveCfg = Release|Any CPU
		{9B579CAA-063D-4F11-A6A9-3BBF47B35407}.Release|iPhoneSimulator.Build.0 = Release|Any CPU
		{9B579CAA-063D-4F11-A6A9-3BBF47B35407}.Release|x64.ActiveCfg = Release|Any CPU
		{9B579CAA-063D-4F11-A6A9-3BBF47B35407}.Release|x64.Build.0 = Release|Any CPU
		{9B579CAA-063D-4F11-A6A9-3BBF47B35407}.Release|x86.ActiveCfg = Release|Any CPU
		{9B579CAA-063D-4F11-A6A9-3BBF47B35407}.Release|x86.Build.0 = Release|Any CPU
		{93504C7C-7BE3-46E5-A61A-E5BDA5484486}.Ad-Hoc|Any CPU.ActiveCfg = Release|Any CPU
		{93504C7C-7BE3-46E5-A61A-E5BDA5484486}.Ad-Hoc|Any CPU.Build.0 = Release|Any CPU
		{93504C7C-7BE3-46E5-A61A-E5BDA5484486}.Ad-Hoc|ARM.ActiveCfg = Release|Any CPU
		{93504C7C-7BE3-46E5-A61A-E5BDA5484486}.Ad-Hoc|ARM.Build.0 = Release|Any CPU
		{93504C7C-7BE3-46E5-A61A-E5BDA5484486}.Ad-Hoc|iPhone.ActiveCfg = Release|Any CPU
		{93504C7C-7BE3-46E5-A61A-E5BDA5484486}.Ad-Hoc|iPhone.Build.0 = Release|Any CPU
		{93504C7C-7BE3-46E5-A61A-E5BDA5484486}.Ad-Hoc|iPhoneSimulator.ActiveCfg = Release|Any CPU
		{93504C7C-7BE3-46E5-A61A-E5BDA5484486}.Ad-Hoc|iPhoneSimulator.Build.0 = Release|Any CPU
		{93504C7C-7BE3-46E5-A61A-E5BDA5484486}.Ad-Hoc|x64.ActiveCfg = Release|Any CPU
		{93504C7C-7BE3-46E5-A61A-E5BDA5484486}.Ad-Hoc|x64.Build.0 = Release|Any CPU
		{93504C7C-7BE3-46E5-A61A-E5BDA5484486}.Ad-Hoc|x86.ActiveCfg = Release|Any CPU
		{93504C7C-7BE3-46E5-A61A-E5BDA5484486}.Ad-Hoc|x86.Build.0 = Release|Any CPU
		{93504C7C-7BE3-46E5-A61A-E5BDA5484486}.AppStore|Any CPU.ActiveCfg = Release|Any CPU
		{93504C7C-7BE3-46E5-A61A-E5BDA5484486}.AppStore|Any CPU.Build.0 = Release|Any CPU
		{93504C7C-7BE3-46E5-A61A-E5BDA5484486}.AppStore|ARM.ActiveCfg = Release|Any CPU
		{93504C7C-7BE3-46E5-A61A-E5BDA5484486}.AppStore|ARM.Build.0 = Release|Any CPU
		{93504C7C-7BE3-46E5-A61A-E5BDA5484486}.AppStore|iPhone.ActiveCfg = Release|Any CPU
		{93504C7C-7BE3-46E5-A61A-E5BDA5484486}.AppStore|iPhone.Build.0 = Release|Any CPU
		{93504C7C-7BE3-46E5-A61A-E5BDA5484486}.AppStore|iPhoneSimulator.ActiveCfg = Release|Any CPU
		{93504C7C-7BE3-46E5-A61A-E5BDA5484486}.AppStore|iPhoneSimulator.Build.0 = Release|Any CPU
		{93504C7C-7BE3-46E5-A61A-E5BDA5484486}.AppStore|x64.ActiveCfg = Release|Any CPU
		{93504C7C-7BE3-46E5-A61A-E5BDA5484486}.AppStore|x64.Build.0 = Release|Any CPU
		{93504C7C-7BE3-46E5-A61A-E5BDA5484486}.AppStore|x86.ActiveCfg = Release|Any CPU
		{93504C7C-7BE3-46E5-A61A-E5BDA5484486}.AppStore|x86.Build.0 = Release|Any CPU
		{93504C7C-7BE3-46E5-A61A-E5BDA5484486}.Debug|Any CPU.ActiveCfg = Debug|Any CPU
		{93504C7C-7BE3-46E5-A61A-E5BDA5484486}.Debug|Any CPU.Build.0 = Debug|Any CPU
		{93504C7C-7BE3-46E5-A61A-E5BDA5484486}.Debug|ARM.ActiveCfg = Debug|Any CPU
		{93504C7C-7BE3-46E5-A61A-E5BDA5484486}.Debug|ARM.Build.0 = Debug|Any CPU
		{93504C7C-7BE3-46E5-A61A-E5BDA5484486}.Debug|iPhone.ActiveCfg = Debug|Any CPU
		{93504C7C-7BE3-46E5-A61A-E5BDA5484486}.Debug|iPhone.Build.0 = Debug|Any CPU
		{93504C7C-7BE3-46E5-A61A-E5BDA5484486}.Debug|iPhoneSimulator.ActiveCfg = Debug|Any CPU
		{93504C7C-7BE3-46E5-A61A-E5BDA5484486}.Debug|iPhoneSimulator.Build.0 = Debug|Any CPU
		{93504C7C-7BE3-46E5-A61A-E5BDA5484486}.Debug|x64.ActiveCfg = Debug|Any CPU
		{93504C7C-7BE3-46E5-A61A-E5BDA5484486}.Debug|x64.Build.0 = Debug|Any CPU
		{93504C7C-7BE3-46E5-A61A-E5BDA5484486}.Debug|x86.ActiveCfg = Debug|Any CPU
		{93504C7C-7BE3-46E5-A61A-E5BDA5484486}.Debug|x86.Build.0 = Debug|Any CPU
		{93504C7C-7BE3-46E5-A61A-E5BDA5484486}.Release|Any CPU.ActiveCfg = Release|Any CPU
		{93504C7C-7BE3-46E5-A61A-E5BDA5484486}.Release|Any CPU.Build.0 = Release|Any CPU
		{93504C7C-7BE3-46E5-A61A-E5BDA5484486}.Release|ARM.ActiveCfg = Release|Any CPU
		{93504C7C-7BE3-46E5-A61A-E5BDA5484486}.Release|ARM.Build.0 = Release|Any CPU
		{93504C7C-7BE3-46E5-A61A-E5BDA5484486}.Release|iPhone.ActiveCfg = Release|Any CPU
		{93504C7C-7BE3-46E5-A61A-E5BDA5484486}.Release|iPhone.Build.0 = Release|Any CPU
		{93504C7C-7BE3-46E5-A61A-E5BDA5484486}.Release|iPhoneSimulator.ActiveCfg = Release|Any CPU
		{93504C7C-7BE3-46E5-A61A-E5BDA5484486}.Release|iPhoneSimulator.Build.0 = Release|Any CPU
		{93504C7C-7BE3-46E5-A61A-E5BDA5484486}.Release|x64.ActiveCfg = Release|Any CPU
		{93504C7C-7BE3-46E5-A61A-E5BDA5484486}.Release|x64.Build.0 = Release|Any CPU
		{93504C7C-7BE3-46E5-A61A-E5BDA5484486}.Release|x86.ActiveCfg = Release|Any CPU
		{93504C7C-7BE3-46E5-A61A-E5BDA5484486}.Release|x86.Build.0 = Release|Any CPU
		{BBBC6E2A-98F9-4A9E-8061-94301E2DEDC6}.Ad-Hoc|Any CPU.ActiveCfg = Release|x86
		{BBBC6E2A-98F9-4A9E-8061-94301E2DEDC6}.Ad-Hoc|ARM.ActiveCfg = Release|x86
		{BBBC6E2A-98F9-4A9E-8061-94301E2DEDC6}.Ad-Hoc|iPhone.ActiveCfg = Release|x86
		{BBBC6E2A-98F9-4A9E-8061-94301E2DEDC6}.Ad-Hoc|iPhoneSimulator.ActiveCfg = Release|x86
		{BBBC6E2A-98F9-4A9E-8061-94301E2DEDC6}.Ad-Hoc|x64.ActiveCfg = Release|x64
		{BBBC6E2A-98F9-4A9E-8061-94301E2DEDC6}.Ad-Hoc|x86.ActiveCfg = Release|x86
		{BBBC6E2A-98F9-4A9E-8061-94301E2DEDC6}.AppStore|Any CPU.ActiveCfg = Release|x86
		{BBBC6E2A-98F9-4A9E-8061-94301E2DEDC6}.AppStore|ARM.ActiveCfg = Release|x86
		{BBBC6E2A-98F9-4A9E-8061-94301E2DEDC6}.AppStore|iPhone.ActiveCfg = Release|x86
		{BBBC6E2A-98F9-4A9E-8061-94301E2DEDC6}.AppStore|iPhoneSimulator.ActiveCfg = Release|x86
		{BBBC6E2A-98F9-4A9E-8061-94301E2DEDC6}.AppStore|x64.ActiveCfg = Release|x64
		{BBBC6E2A-98F9-4A9E-8061-94301E2DEDC6}.AppStore|x86.ActiveCfg = Release|x86
		{BBBC6E2A-98F9-4A9E-8061-94301E2DEDC6}.Debug|Any CPU.ActiveCfg = Debug|x86
		{BBBC6E2A-98F9-4A9E-8061-94301E2DEDC6}.Debug|ARM.ActiveCfg = Debug|x86
		{BBBC6E2A-98F9-4A9E-8061-94301E2DEDC6}.Debug|iPhone.ActiveCfg = Debug|x86
		{BBBC6E2A-98F9-4A9E-8061-94301E2DEDC6}.Debug|iPhoneSimulator.ActiveCfg = Debug|x86
		{BBBC6E2A-98F9-4A9E-8061-94301E2DEDC6}.Debug|x64.ActiveCfg = Debug|x64
		{BBBC6E2A-98F9-4A9E-8061-94301E2DEDC6}.Debug|x64.Build.0 = Debug|x64
		{BBBC6E2A-98F9-4A9E-8061-94301E2DEDC6}.Debug|x86.ActiveCfg = Debug|x86
		{BBBC6E2A-98F9-4A9E-8061-94301E2DEDC6}.Debug|x86.Build.0 = Debug|x86
		{BBBC6E2A-98F9-4A9E-8061-94301E2DEDC6}.Release|Any CPU.ActiveCfg = Release|x64
		{BBBC6E2A-98F9-4A9E-8061-94301E2DEDC6}.Release|Any CPU.Build.0 = Release|x64
		{BBBC6E2A-98F9-4A9E-8061-94301E2DEDC6}.Release|ARM.ActiveCfg = Release|x86
		{BBBC6E2A-98F9-4A9E-8061-94301E2DEDC6}.Release|iPhone.ActiveCfg = Release|x86
		{BBBC6E2A-98F9-4A9E-8061-94301E2DEDC6}.Release|iPhoneSimulator.ActiveCfg = Release|x86
		{BBBC6E2A-98F9-4A9E-8061-94301E2DEDC6}.Release|x64.ActiveCfg = Release|x64
		{BBBC6E2A-98F9-4A9E-8061-94301E2DEDC6}.Release|x64.Build.0 = Release|x64
		{BBBC6E2A-98F9-4A9E-8061-94301E2DEDC6}.Release|x86.ActiveCfg = Release|x86
		{BBBC6E2A-98F9-4A9E-8061-94301E2DEDC6}.Release|x86.Build.0 = Release|x86
		{985ED5F7-CE06-4472-805E-56E7A4632415}.Ad-Hoc|Any CPU.ActiveCfg = Release|x86
		{985ED5F7-CE06-4472-805E-56E7A4632415}.Ad-Hoc|ARM.ActiveCfg = Release|x86
		{985ED5F7-CE06-4472-805E-56E7A4632415}.Ad-Hoc|iPhone.ActiveCfg = Release|x86
		{985ED5F7-CE06-4472-805E-56E7A4632415}.Ad-Hoc|iPhoneSimulator.ActiveCfg = Release|x86
		{985ED5F7-CE06-4472-805E-56E7A4632415}.Ad-Hoc|x64.ActiveCfg = Release|x64
		{985ED5F7-CE06-4472-805E-56E7A4632415}.Ad-Hoc|x86.ActiveCfg = Release|x86
		{985ED5F7-CE06-4472-805E-56E7A4632415}.AppStore|Any CPU.ActiveCfg = Release|x86
		{985ED5F7-CE06-4472-805E-56E7A4632415}.AppStore|ARM.ActiveCfg = Release|x86
		{985ED5F7-CE06-4472-805E-56E7A4632415}.AppStore|iPhone.ActiveCfg = Release|x86
		{985ED5F7-CE06-4472-805E-56E7A4632415}.AppStore|iPhoneSimulator.ActiveCfg = Release|x86
		{985ED5F7-CE06-4472-805E-56E7A4632415}.AppStore|x64.ActiveCfg = Release|x64
		{985ED5F7-CE06-4472-805E-56E7A4632415}.AppStore|x86.ActiveCfg = Release|x86
		{985ED5F7-CE06-4472-805E-56E7A4632415}.Debug|Any CPU.ActiveCfg = Debug|x86
		{985ED5F7-CE06-4472-805E-56E7A4632415}.Debug|ARM.ActiveCfg = Debug|x86
		{985ED5F7-CE06-4472-805E-56E7A4632415}.Debug|iPhone.ActiveCfg = Debug|x86
		{985ED5F7-CE06-4472-805E-56E7A4632415}.Debug|iPhoneSimulator.ActiveCfg = Debug|x86
		{985ED5F7-CE06-4472-805E-56E7A4632415}.Debug|x64.ActiveCfg = Debug|x64
		{985ED5F7-CE06-4472-805E-56E7A4632415}.Debug|x64.Build.0 = Debug|x64
		{985ED5F7-CE06-4472-805E-56E7A4632415}.Debug|x86.ActiveCfg = Debug|x86
		{985ED5F7-CE06-4472-805E-56E7A4632415}.Debug|x86.Build.0 = Debug|x86
		{985ED5F7-CE06-4472-805E-56E7A4632415}.Release|Any CPU.ActiveCfg = Release|x64
		{985ED5F7-CE06-4472-805E-56E7A4632415}.Release|Any CPU.Build.0 = Release|x64
		{985ED5F7-CE06-4472-805E-56E7A4632415}.Release|ARM.ActiveCfg = Release|x86
		{985ED5F7-CE06-4472-805E-56E7A4632415}.Release|iPhone.ActiveCfg = Release|x86
		{985ED5F7-CE06-4472-805E-56E7A4632415}.Release|iPhoneSimulator.ActiveCfg = Release|x86
		{985ED5F7-CE06-4472-805E-56E7A4632415}.Release|x64.ActiveCfg = Release|x64
		{985ED5F7-CE06-4472-805E-56E7A4632415}.Release|x64.Build.0 = Release|x64
		{985ED5F7-CE06-4472-805E-56E7A4632415}.Release|x86.ActiveCfg = Release|x86
		{985ED5F7-CE06-4472-805E-56E7A4632415}.Release|x86.Build.0 = Release|x86
	EndGlobalSection
	GlobalSection(SolutionProperties) = preSolution
		HideSolutionNode = FALSE
	EndGlobalSection
	GlobalSection(ExtensibilityGlobals) = postSolution
		SolutionGuid = {21A061A0-C54B-4FB1-A79B-88EBD70F4AB4}
	EndGlobalSection
EndGlobal
