
Microsoft Visual Studio Solution File, Format Version 12.00
# Visual Studio 15
VisualStudioVersion = 15.0.28010.2036
MinimumVisualStudioVersion = 10.0.40219.1
Project("{9A19103F-16F7-4668-BE54-9A1E7A4F7556}") = "IOST", "IOST\IOST.csproj", "{AF18FF00-DCA9-4D28-89DF-96C57024A0BF}"
EndProject
Project("{9A19103F-16F7-4668-BE54-9A1E7A4F7556}") = "IOST.Test", "IOST.Test\IOST.Test.csproj", "{16FE166A-0E80-4B6C-B17E-5E12F7C9D699}"
EndProject
Project("{9A19103F-16F7-4668-BE54-9A1E7A4F7556}") = "IOST.DevTools", "IOST.DevTools\IOST.DevTools.csproj", "{9B579CAA-063D-4F11-A6A9-3BBF47B35407}"
EndProject
Project("{9A19103F-16F7-4668-BE54-9A1E7A4F7556}") = "IOST.Examples", "IOST.Examples\IOST.Examples.csproj", "{93504C7C-7BE3-46E5-A61A-E5BDA5484486}"
EndProject
Project("{FAE04EC0-301F-11D3-BF4B-00C04F79EFBC}") = "IOST.Net45", "IOST.Net45\IOST.Net45.csproj", "{BBBC6E2A-98F9-4A9E-8061-94301E2DEDC6}"
EndProject
Project("{FAE04EC0-301F-11D3-BF4B-00C04F79EFBC}") = "IOST.Test.Net45", "IOST.Test.Net45\IOST.Test.Net45.csproj", "{985ED5F7-CE06-4472-805E-56E7A4632415}"
EndProject
Global
	GlobalSection(SolutionConfigurationPlatforms) = preSolution
		Debug|x64 = Debug|x64
		Debug|x86 = Debug|x86
		Release|x64 = Release|x64
		Release|x86 = Release|x86
	EndGlobalSection
	GlobalSection(ProjectConfigurationPlatforms) = postSolution
		{AF18FF00-DCA9-4D28-89DF-96C57024A0BF}.Debug|x64.ActiveCfg = Debug|Any CPU
		{AF18FF00-DCA9-4D28-89DF-96C57024A0BF}.Debug|x64.Build.0 = Debug|Any CPU
		{AF18FF00-DCA9-4D28-89DF-96C57024A0BF}.Debug|x86.ActiveCfg = Debug|x86
		{AF18FF00-DCA9-4D28-89DF-96C57024A0BF}.Debug|x86.Build.0 = Debug|x86
		{AF18FF00-DCA9-4D28-89DF-96C57024A0BF}.Release|x64.ActiveCfg = Release|Any CPU
		{AF18FF00-DCA9-4D28-89DF-96C57024A0BF}.Release|x64.Build.0 = Release|Any CPU
		{AF18FF00-DCA9-4D28-89DF-96C57024A0BF}.Release|x86.ActiveCfg = Release|Any CPU
		{AF18FF00-DCA9-4D28-89DF-96C57024A0BF}.Release|x86.Build.0 = Release|Any CPU
		{16FE166A-0E80-4B6C-B17E-5E12F7C9D699}.Debug|x64.ActiveCfg = Debug|Any CPU
		{16FE166A-0E80-4B6C-B17E-5E12F7C9D699}.Debug|x64.Build.0 = Debug|Any CPU
		{16FE166A-0E80-4B6C-B17E-5E12F7C9D699}.Debug|x86.ActiveCfg = Debug|Any CPU
		{16FE166A-0E80-4B6C-B17E-5E12F7C9D699}.Debug|x86.Build.0 = Debug|Any CPU
		{16FE166A-0E80-4B6C-B17E-5E12F7C9D699}.Release|x64.ActiveCfg = Release|Any CPU
		{16FE166A-0E80-4B6C-B17E-5E12F7C9D699}.Release|x64.Build.0 = Release|Any CPU
		{16FE166A-0E80-4B6C-B17E-5E12F7C9D699}.Release|x86.ActiveCfg = Release|Any CPU
		{16FE166A-0E80-4B6C-B17E-5E12F7C9D699}.Release|x86.Build.0 = Release|Any CPU
		{9B579CAA-063D-4F11-A6A9-3BBF47B35407}.Debug|x64.ActiveCfg = Debug|Any CPU
		{9B579CAA-063D-4F11-A6A9-3BBF47B35407}.Debug|x64.Build.0 = Debug|Any CPU
		{9B579CAA-063D-4F11-A6A9-3BBF47B35407}.Debug|x86.ActiveCfg = Debug|Any CPU
		{9B579CAA-063D-4F11-A6A9-3BBF47B35407}.Debug|x86.Build.0 = Debug|Any CPU
		{9B579CAA-063D-4F11-A6A9-3BBF47B35407}.Release|x64.ActiveCfg = Release|Any CPU
		{9B579CAA-063D-4F11-A6A9-3BBF47B35407}.Release|x64.Build.0 = Release|Any CPU
		{9B579CAA-063D-4F11-A6A9-3BBF47B35407}.Release|x86.ActiveCfg = Release|Any CPU
		{9B579CAA-063D-4F11-A6A9-3BBF47B35407}.Release|x86.Build.0 = Release|Any CPU
		{93504C7C-7BE3-46E5-A61A-E5BDA5484486}.Debug|x64.ActiveCfg = Debug|Any CPU
		{93504C7C-7BE3-46E5-A61A-E5BDA5484486}.Debug|x64.Build.0 = Debug|Any CPU
		{93504C7C-7BE3-46E5-A61A-E5BDA5484486}.Debug|x86.ActiveCfg = Debug|Any CPU
		{93504C7C-7BE3-46E5-A61A-E5BDA5484486}.Debug|x86.Build.0 = Debug|Any CPU
		{93504C7C-7BE3-46E5-A61A-E5BDA5484486}.Release|x64.ActiveCfg = Release|Any CPU
		{93504C7C-7BE3-46E5-A61A-E5BDA5484486}.Release|x64.Build.0 = Release|Any CPU
		{93504C7C-7BE3-46E5-A61A-E5BDA5484486}.Release|x86.ActiveCfg = Release|Any CPU
		{93504C7C-7BE3-46E5-A61A-E5BDA5484486}.Release|x86.Build.0 = Release|Any CPU
		{BBBC6E2A-98F9-4A9E-8061-94301E2DEDC6}.Debug|x64.ActiveCfg = Debug|Any CPU
		{BBBC6E2A-98F9-4A9E-8061-94301E2DEDC6}.Debug|x64.Build.0 = Debug|Any CPU
		{BBBC6E2A-98F9-4A9E-8061-94301E2DEDC6}.Debug|x86.ActiveCfg = Debug|Any CPU
		{BBBC6E2A-98F9-4A9E-8061-94301E2DEDC6}.Debug|x86.Build.0 = Debug|Any CPU
		{BBBC6E2A-98F9-4A9E-8061-94301E2DEDC6}.Release|x64.ActiveCfg = Release|Any CPU
		{BBBC6E2A-98F9-4A9E-8061-94301E2DEDC6}.Release|x64.Build.0 = Release|Any CPU
		{BBBC6E2A-98F9-4A9E-8061-94301E2DEDC6}.Release|x86.ActiveCfg = Release|Any CPU
		{BBBC6E2A-98F9-4A9E-8061-94301E2DEDC6}.Release|x86.Build.0 = Release|Any CPU
		{985ED5F7-CE06-4472-805E-56E7A4632415}.Debug|x64.ActiveCfg = Debug|Any CPU
		{985ED5F7-CE06-4472-805E-56E7A4632415}.Debug|x64.Build.0 = Debug|Any CPU
		{985ED5F7-CE06-4472-805E-56E7A4632415}.Debug|x86.ActiveCfg = Debug|Any CPU
		{985ED5F7-CE06-4472-805E-56E7A4632415}.Debug|x86.Build.0 = Debug|Any CPU
		{985ED5F7-CE06-4472-805E-56E7A4632415}.Release|x64.ActiveCfg = Release|Any CPU
		{985ED5F7-CE06-4472-805E-56E7A4632415}.Release|x64.Build.0 = Release|Any CPU
		{985ED5F7-CE06-4472-805E-56E7A4632415}.Release|x86.ActiveCfg = Release|Any CPU
		{985ED5F7-CE06-4472-805E-56E7A4632415}.Release|x86.Build.0 = Release|Any CPU
	EndGlobalSection
	GlobalSection(SolutionProperties) = preSolution
		HideSolutionNode = FALSE
	EndGlobalSection
	GlobalSection(ExtensibilityGlobals) = postSolution
		SolutionGuid = {21A061A0-C54B-4FB1-A79B-88EBD70F4AB4}
	EndGlobalSection
EndGlobal
