
Microsoft Visual Studio Solution File, Format Version 12.00
# Visual Studio 15
VisualStudioVersion = 15.0.28010.2036
MinimumVisualStudioVersion = 10.0.40219.1
Project("{9A19103F-16F7-4668-BE54-9A1E7A4F7556}") = "IOST", "IOST\IOST.csproj", "{AF18FF00-DCA9-4D28-89DF-96C57024A0BF}"
EndProject
Project("{9A19103F-16F7-4668-BE54-9A1E7A4F7556}") = "IOST.Test", "IOST.Test\IOST.Test.csproj", "{16FE166A-0E80-4B6C-B17E-5E12F7C9D699}"
EndProject
Global
	GlobalSection(SolutionConfigurationPlatforms) = preSolution
		Debug|Any CPU = Debug|Any CPU
		Release|Any CPU = Release|Any CPU
	EndGlobalSection
	GlobalSection(ProjectConfigurationPlatforms) = postSolution
		{AF18FF00-DCA9-4D28-89DF-96C57024A0BF}.Debug|Any CPU.ActiveCfg = Debug|Any CPU
		{AF18FF00-DCA9-4D28-89DF-96C57024A0BF}.Debug|Any CPU.Build.0 = Debug|Any CPU
		{AF18FF00-DCA9-4D28-89DF-96C57024A0BF}.Release|Any CPU.ActiveCfg = Release|Any CPU
		{AF18FF00-DCA9-4D28-89DF-96C57024A0BF}.Release|Any CPU.Build.0 = Release|Any CPU
		{16FE166A-0E80-4B6C-B17E-5E12F7C9D699}.Debug|Any CPU.ActiveCfg = Debug|Any CPU
		{16FE166A-0E80-4B6C-B17E-5E12F7C9D699}.Debug|Any CPU.Build.0 = Debug|Any CPU
		{16FE166A-0E80-4B6C-B17E-5E12F7C9D699}.Release|Any CPU.ActiveCfg = Release|Any CPU
		{16FE166A-0E80-4B6C-B17E-5E12F7C9D699}.Release|Any CPU.Build.0 = Release|Any CPU
	EndGlobalSection
	GlobalSection(SolutionProperties) = preSolution
		HideSolutionNode = FALSE
	EndGlobalSection
	GlobalSection(ExtensibilityGlobals) = postSolution
		SolutionGuid = {21A061A0-C54B-4FB1-A79B-88EBD70F4AB4}
	EndGlobalSection
EndGlobal
